// !$*UTF8*$!
{
	archiveVersion = 1;
	classes = {
	};
	objectVersion = 46;
	objects = {

/* Begin PBXBuildFile section */
		004DA78D2D064ED387C98B0D /* libGTM_StringEncoding.a in Frameworks */ = {isa = PBXBuildFile; fileRef = 67535C2834B149FEB6396D0D /* libGTM_StringEncoding.a */; };
		021466A202964E39A896E6C1 /* AVFoundation.framework in Frameworks */ = {isa = PBXBuildFile; fileRef = 8B8503426CB44A8C8D347B23 /* AVFoundation.framework */; };
		0839EF44273D497C9F2E0623 /* SystemConfiguration.framework in Frameworks */ = {isa = PBXBuildFile; fileRef = 8B7830F569014B56826D7B15 /* SystemConfiguration.framework */; };
		19F4336AD64546E997B64303 /* libsqlite3.tbd in Frameworks */ = {isa = PBXBuildFile; fileRef = DCF90ACC20C0480A974A19DD /* libsqlite3.tbd */; };
		1D3623260D0F684500981E51 /* AppDelegate.m in Sources */ = {isa = PBXBuildFile; fileRef = 1D3623250D0F684500981E51 /* AppDelegate.m */; };
		1D60589B0D05DD56006BFB54 /* main.m in Sources */ = {isa = PBXBuildFile; fileRef = 29B97316FDCFA39411CA2CEA /* main.m */; };
		288765FD0DF74451002DB57D /* CoreGraphics.framework in Frameworks */ = {isa = PBXBuildFile; fileRef = 288765FC0DF74451002DB57D /* CoreGraphics.framework */; };
		2D05DE5E98F141498B763F87 /* libGTM_DebugUtils.a in Frameworks */ = {isa = PBXBuildFile; fileRef = 05576B36C7C84552B149C1C8 /* libGTM_DebugUtils.a */; };
		2EFFCC0E2DB643C2B52AD569 /* libGGLCore.a in Frameworks */ = {isa = PBXBuildFile; fileRef = 92804E5992B8477E9F19CAB7 /* libGGLCore.a */; };
		2F11455E11C64ABAA0467FB2 /* libGTM_GTMURLBuilder.a in Frameworks */ = {isa = PBXBuildFile; fileRef = A8151F9814184F7899B7A029 /* libGTM_GTMURLBuilder.a */; };
		300F971144BE4353A1C89140 /* libGSDK_Overload.a in Frameworks */ = {isa = PBXBuildFile; fileRef = D69E63A7CF0E42A8A1095C62 /* libGSDK_Overload.a */; };
		301BF552109A68D80062928A /* libCordova.a in Frameworks */ = {isa = PBXBuildFile; fileRef = 301BF535109A57CC0062928A /* libCordova.a */; };
		302D95F114D2391D003F00A1 /* MainViewController.m in Sources */ = {isa = PBXBuildFile; fileRef = 302D95EF14D2391D003F00A1 /* MainViewController.m */; };
		302D95F214D2391D003F00A1 /* MainViewController.xib in Resources */ = {isa = PBXBuildFile; fileRef = 302D95F014D2391D003F00A1 /* MainViewController.xib */; };
		305CC7946F1F48B59BD6DCAB /* libProtocolBuffers.a in Frameworks */ = {isa = PBXBuildFile; fileRef = 779589E38CE8483CB7DAD4F3 /* libProtocolBuffers.a */; };
		305D5FD1115AB8F900A74A75 /* MobileCoreServices.framework in Frameworks */ = {isa = PBXBuildFile; fileRef = 305D5FD0115AB8F900A74A75 /* MobileCoreServices.framework */; };
		3088BBBD154F3926009F9C59 /* Default-Landscape@2x~ipad.png in Resources */ = {isa = PBXBuildFile; fileRef = 3088BBB7154F3926009F9C59 /* Default-Landscape@2x~ipad.png */; };
		3088BBBE154F3926009F9C59 /* Default-Landscape~ipad.png in Resources */ = {isa = PBXBuildFile; fileRef = 3088BBB8154F3926009F9C59 /* Default-Landscape~ipad.png */; };
		3088BBBF154F3926009F9C59 /* Default-Portrait@2x~ipad.png in Resources */ = {isa = PBXBuildFile; fileRef = 3088BBB9154F3926009F9C59 /* Default-Portrait@2x~ipad.png */; };
		3088BBC0154F3926009F9C59 /* Default-Portrait~ipad.png in Resources */ = {isa = PBXBuildFile; fileRef = 3088BBBA154F3926009F9C59 /* Default-Portrait~ipad.png */; };
		3088BBC1154F3926009F9C59 /* Default@2x~iphone.png in Resources */ = {isa = PBXBuildFile; fileRef = 3088BBBB154F3926009F9C59 /* Default@2x~iphone.png */; };
		3088BBC2154F3926009F9C59 /* Default~iphone.png in Resources */ = {isa = PBXBuildFile; fileRef = 3088BBBC154F3926009F9C59 /* Default~iphone.png */; };
		308D05371370CCF300D202BF /* icon-72.png in Resources */ = {isa = PBXBuildFile; fileRef = 308D052E1370CCF300D202BF /* icon-72.png */; };
		308D05381370CCF300D202BF /* icon.png in Resources */ = {isa = PBXBuildFile; fileRef = 308D052F1370CCF300D202BF /* icon.png */; };
		308D05391370CCF300D202BF /* icon@2x.png in Resources */ = {isa = PBXBuildFile; fileRef = 308D05301370CCF300D202BF /* icon@2x.png */; };
		30B4F30019D5E07200D9F7D8 /* Default-667h.png in Resources */ = {isa = PBXBuildFile; fileRef = 30B4F2FD19D5E07200D9F7D8 /* Default-667h.png */; };
		30B4F30119D5E07200D9F7D8 /* Default-736h.png in Resources */ = {isa = PBXBuildFile; fileRef = 30B4F2FE19D5E07200D9F7D8 /* Default-736h.png */; };
		30B4F30219D5E07200D9F7D8 /* Default-Landscape-736h.png in Resources */ = {isa = PBXBuildFile; fileRef = 30B4F2FF19D5E07200D9F7D8 /* Default-Landscape-736h.png */; };
		30C1856619D5FC0A00212699 /* icon-60@3x.png in Resources */ = {isa = PBXBuildFile; fileRef = 30C1856519D5FC0A00212699 /* icon-60@3x.png */; };
		30FC414916E50CA1004E6F35 /* icon-72@2x.png in Resources */ = {isa = PBXBuildFile; fileRef = 30FC414816E50CA1004E6F35 /* icon-72@2x.png */; };
		31A7A35ACD614DBF9F1A4BC6 /* libGTMStackTrace.a in Frameworks */ = {isa = PBXBuildFile; fileRef = 09BFE852EF5C41E1B84A02C5 /* libGTMStackTrace.a */; };
		31B2A41E61E74B6AAD4B8DE5 /* libGTM_RoundedRectPath.a in Frameworks */ = {isa = PBXBuildFile; fileRef = 34D566F5A5FC47E291AB586F /* libGTM_RoundedRectPath.a */; };
		35319752CBFE442889DA15C2 /* libGTM_NSScannerJSON.a in Frameworks */ = {isa = PBXBuildFile; fileRef = CBBA907E2E2E4531B24149D5 /* libGTM_NSScannerJSON.a */; };
		389D870CD676403C8AA5D468 /* libGTM_KVO.a in Frameworks */ = {isa = PBXBuildFile; fileRef = 4466AF7B13664D0C862B6411 /* libGTM_KVO.a */; };
		3B15DBE8E26A4B168C7C33FC /* CoreLocation.framework in Frameworks */ = {isa = PBXBuildFile; fileRef = 44AFE3DB109044619F0085A3 /* CoreLocation.framework */; };
		3DA8F371B1E148AFAF932A3D /* CDVViewController+SplashScreen.m in Sources */ = {isa = PBXBuildFile; fileRef = 5FA83C29F7494023B949896D /* CDVViewController+SplashScreen.m */; };
		3EB2D43262314957A52B060D /* libGTM_NSDictionary+URLArguments.a in Frameworks */ = {isa = PBXBuildFile; fileRef = F6FF54C618DF453DB100415A /* libGTM_NSDictionary+URLArguments.a */; };
		3F6748788E764E93996DFF3A /* AppDelegate+notification.m in Sources */ = {isa = PBXBuildFile; fileRef = 45EC4F321257486AA997DA7C /* AppDelegate+notification.m */; };
		408357E237B64C32BCCB0C23 /* ImageIO.framework in Frameworks */ = {isa = PBXBuildFile; fileRef = 6DCCB0C3140B4CA6BB111210 /* ImageIO.framework */; settings = {ATTRIBUTES = (Weak, ); }; };
		418E5676FA72448AB9722C66 /* CDVInAppBrowser.m in Sources */ = {isa = PBXBuildFile; fileRef = 11D27A8E864F4558B104FFF2 /* CDVInAppBrowser.m */; };
		43AAFFCEE0AA4E45AFEA2214 /* libGoogleAnalyticsServices.a in Frameworks */ = {isa = PBXBuildFile; fileRef = 2657D14B0C9D4A81AD3A90BB /* libGoogleAnalyticsServices.a */; };
		48FE7EB1C03A45479C3707D5 /* CDVSplashScreen.m in Sources */ = {isa = PBXBuildFile; fileRef = ED46F4747A1F4A1AAF509740 /* CDVSplashScreen.m */; };
		5B1594DD16A7569C00FEF299 /* AssetsLibrary.framework in Frameworks */ = {isa = PBXBuildFile; fileRef = 5B1594DC16A7569C00FEF299 /* AssetsLibrary.framework */; };
		6474276511D843E88681C82C /* libGTM_Regex.a in Frameworks */ = {isa = PBXBuildFile; fileRef = 82E7084AFEB44D1BAB9500BE /* libGTM_Regex.a */; };
		680B64EC9B4A47D5948C1C25 /* libGTM_NSData+zlib.a in Frameworks */ = {isa = PBXBuildFile; fileRef = 9078BCB883AF486C8A6A4897 /* libGTM_NSData+zlib.a */; };
		778408674A044E4BBD151B2E /* CoreData.framework in Frameworks */ = {isa = PBXBuildFile; fileRef = C049FABD3F11401A92870527 /* CoreData.framework */; };
		798AE04EC1E54634AF103938 /* libGGLCloudMessaging.a in Frameworks */ = {isa = PBXBuildFile; fileRef = D83C1011A2C84CE68AB1195B /* libGGLCloudMessaging.a */; };
		7E7966DE1810823500FA85AD /* icon-40.png in Resources */ = {isa = PBXBuildFile; fileRef = 7E7966D41810823500FA85AD /* icon-40.png */; };
		7E7966DF1810823500FA85AD /* icon-40@2x.png in Resources */ = {isa = PBXBuildFile; fileRef = 7E7966D51810823500FA85AD /* icon-40@2x.png */; };
		7E7966E01810823500FA85AD /* icon-50.png in Resources */ = {isa = PBXBuildFile; fileRef = 7E7966D61810823500FA85AD /* icon-50.png */; };
		7E7966E11810823500FA85AD /* icon-50@2x.png in Resources */ = {isa = PBXBuildFile; fileRef = 7E7966D71810823500FA85AD /* icon-50@2x.png */; };
		7E7966E21810823500FA85AD /* icon-60.png in Resources */ = {isa = PBXBuildFile; fileRef = 7E7966D81810823500FA85AD /* icon-60.png */; };
		7E7966E31810823500FA85AD /* icon-60@2x.png in Resources */ = {isa = PBXBuildFile; fileRef = 7E7966D91810823500FA85AD /* icon-60@2x.png */; };
		7E7966E41810823500FA85AD /* icon-76.png in Resources */ = {isa = PBXBuildFile; fileRef = 7E7966DA1810823500FA85AD /* icon-76.png */; };
		7E7966E51810823500FA85AD /* icon-76@2x.png in Resources */ = {isa = PBXBuildFile; fileRef = 7E7966DB1810823500FA85AD /* icon-76@2x.png */; };
		7E7966E61810823500FA85AD /* icon-small.png in Resources */ = {isa = PBXBuildFile; fileRef = 7E7966DC1810823500FA85AD /* icon-small.png */; };
		7E7966E71810823500FA85AD /* icon-small@2x.png in Resources */ = {isa = PBXBuildFile; fileRef = 7E7966DD1810823500FA85AD /* icon-small@2x.png */; };
		8A5AF03936274E88BFDD2255 /* libz.tbd in Frameworks */ = {isa = PBXBuildFile; fileRef = 6E381CC151C142A0BD75659C /* libz.tbd */; };
		92579790EF284363881490CB /* libsqlite3.dylib in Frameworks */ = {isa = PBXBuildFile; fileRef = 368C0B77621845599FFB3559 /* libsqlite3.dylib */; };
		93E5AAA18325466CAFD7BEB2 /* UniversalAnalyticsPlugin.m in Sources */ = {isa = PBXBuildFile; fileRef = 004C09804309400CA60302F7 /* UniversalAnalyticsPlugin.m */; };
		9910E4ABBC11436FB2668075 /* CDVCamera.m in Sources */ = {isa = PBXBuildFile; fileRef = 2CE6FED1B633433190594B5F /* CDVCamera.m */; };
		A4459A96C6314F5AAA34DA1B /* libGTM_SystemVersion.a in Frameworks */ = {isa = PBXBuildFile; fileRef = EAD7E043E41346BB9B63C2C6 /* libGTM_SystemVersion.a */; };
		AA7AD01C3FA84300848D3682 /* libGcmLib.a in Frameworks */ = {isa = PBXBuildFile; fileRef = 1B16865CAB384CF096DD4973 /* libGcmLib.a */; };
		AB30EEA8CC5A48A18F8CD3D3 /* libGIP_Reachability.a in Frameworks */ = {isa = PBXBuildFile; fileRef = 7641EF25D1AB4D2882766B6B /* libGIP_Reachability.a */; };
		AC78FD713B90407A8F18EF12 /* libGTMSessionFetcher_core.a in Frameworks */ = {isa = PBXBuildFile; fileRef = A95AB9B60831409CB9B34CF5 /* libGTMSessionFetcher_core.a */; };
		B3CDC7FD00D743568A31A4C7 /* libGTM_NSStringXML.a in Frameworks */ = {isa = PBXBuildFile; fileRef = 6500964ADA29464EA15FD937 /* libGTM_NSStringXML.a */; };
		B6B368B230DC4AED8AEA946F /* libGTM_NSStringHTML.a in Frameworks */ = {isa = PBXBuildFile; fileRef = 2C8E47ACE40D472095122681 /* libGTM_NSStringHTML.a */; };
		B871A51A8D3D433CA2BE1BFB /* libz.dylib in Frameworks */ = {isa = PBXBuildFile; fileRef = 10EC994BC2DA4660ADA1F618 /* libz.dylib */; };
		BA4FC65FD9594A9C82B23FCF /* AddressBook.framework in Frameworks */ = {isa = PBXBuildFile; fileRef = 3834D63F0C224BED953A2FC2 /* AddressBook.framework */; };
		BBC9201E6ECB4E84A138A76C /* SocialSharing.m in Sources */ = {isa = PBXBuildFile; fileRef = 3F661E094D2943D8A86DAE24 /* SocialSharing.m */; };
		BE7037976619428993026AD1 /* libGTM_core.a in Frameworks */ = {isa = PBXBuildFile; fileRef = 58E16FA192224E2591222F62 /* libGTM_core.a */; };
		BF68609B54604BB2B2760A01 /* MessageUI.framework in Frameworks */ = {isa = PBXBuildFile; fileRef = 974EBA3ED34F4E9AB6339806 /* MessageUI.framework */; settings = {ATTRIBUTES = (Weak, ); }; };
		D38EE2D5723A4039B74DDB01 /* libGGLInstanceIDLib.a in Frameworks */ = {isa = PBXBuildFile; fileRef = E5EEAFD91A0846B7B800920B /* libGGLInstanceIDLib.a */; };
		D4A0D8761607E02300AEF8BB /* Default-568h@2x~iphone.png in Resources */ = {isa = PBXBuildFile; fileRef = D4A0D8751607E02300AEF8BB /* Default-568h@2x~iphone.png */; };
		D9E9F7376E12453EBB8A8CA6 /* Social.framework in Frameworks */ = {isa = PBXBuildFile; fileRef = C72879272FFA4E478C34FCC0 /* Social.framework */; settings = {ATTRIBUTES = (Weak, ); }; };
		E500A235AF434E9F8170586D /* libGTM_UIFont+LineHeight.a in Frameworks */ = {isa = PBXBuildFile; fileRef = 5D1D929AD98C4DBFBFCB0308 /* libGTM_UIFont+LineHeight.a */; };
		E835558CB1E34FB48B8213F2 /* libGTM_AddressBook.a in Frameworks */ = {isa = PBXBuildFile; fileRef = 5CE93AC9E578420E8FDB29C9 /* libGTM_AddressBook.a */; };
		E95BD23993C24925985723F4 /* CDVJpegHeaderWriter.m in Sources */ = {isa = PBXBuildFile; fileRef = CFD5ECF9FEA04DF2801AE7C9 /* CDVJpegHeaderWriter.m */; };
		F37E5A957BF74BDDA1EDDF98 /* UIImage+CropScaleOrientation.m in Sources */ = {isa = PBXBuildFile; fileRef = 3F9E030FC83F4905910BD809 /* UIImage+CropScaleOrientation.m */; };
		F5D1EC23D02C4FC29BA12362 /* libGTM_iPhone.a in Frameworks */ = {isa = PBXBuildFile; fileRef = 4FAB636623E947B6AAF4E4DC /* libGTM_iPhone.a */; };
		F82F78A7094849C8A85D1394 /* PushPlugin.m in Sources */ = {isa = PBXBuildFile; fileRef = 297EEB1DF4004076907D9C92 /* PushPlugin.m */; };
		FC4D3664387948D9BFEE8268 /* libGTMSessionFetcher_full.a in Frameworks */ = {isa = PBXBuildFile; fileRef = 8806693A8D844928AB9CED51 /* libGTMSessionFetcher_full.a */; };
/* End PBXBuildFile section */

/* Begin PBXContainerItemProxy section */
		301BF534109A57CC0062928A /* PBXContainerItemProxy */ = {
			isa = PBXContainerItemProxy;
			containerPortal = 301BF52D109A57CC0062928A /* CordovaLib.xcodeproj */;
			proxyType = 2;
			remoteGlobalIDString = D2AAC07E0554694100DB518D;
			remoteInfo = CordovaLib;
		};
		301BF550109A68C00062928A /* PBXContainerItemProxy */ = {
			isa = PBXContainerItemProxy;
			containerPortal = 301BF52D109A57CC0062928A /* CordovaLib.xcodeproj */;
			proxyType = 1;
			remoteGlobalIDString = D2AAC07D0554694100DB518D;
			remoteInfo = CordovaLib;
		};
/* End PBXContainerItemProxy section */

/* Begin PBXFileReference section */
		004C09804309400CA60302F7 /* UniversalAnalyticsPlugin.m */ = {isa = PBXFileReference; fileEncoding = 4; lastKnownFileType = sourcecode.c.objc; name = UniversalAnalyticsPlugin.m; path = "cordova-plugin-google-analytics/UniversalAnalyticsPlugin.m"; sourceTree = "<group>"; };
		0456C813C7E64601A9436F73 /* Core.h */ = {isa = PBXFileReference; fileEncoding = 4; lastKnownFileType = sourcecode.c.h; name = Core.h; path = "phonegap-plugin-push/GCM/Headers/Core.h"; sourceTree = "<group>"; };
		05576B36C7C84552B149C1C8 /* libGTM_DebugUtils.a */ = {isa = PBXFileReference; fileEncoding = 4; lastKnownFileType = archive.ar; name = libGTM_DebugUtils.a; path = "College LoopIn/Plugins/phonegap-plugin-push/GCM/Libraries/libGTM_DebugUtils.a"; sourceTree = "<group>"; };
		06FD960D2B6F42B09228C030 /* CDVExif.h */ = {isa = PBXFileReference; fileEncoding = 4; lastKnownFileType = sourcecode.c.h; name = CDVExif.h; path = "cordova-plugin-camera/CDVExif.h"; sourceTree = "<group>"; };
		09BFE852EF5C41E1B84A02C5 /* libGTMStackTrace.a */ = {isa = PBXFileReference; fileEncoding = 4; lastKnownFileType = archive.ar; name = libGTMStackTrace.a; path = "College LoopIn/Plugins/phonegap-plugin-push/GCM/Libraries/libGTMStackTrace.a"; sourceTree = "<group>"; };
		0E04381970F84AF9A4C2EC7F /* GGLInstanceID.h */ = {isa = PBXFileReference; fileEncoding = 4; lastKnownFileType = sourcecode.c.h; name = GGLInstanceID.h; path = "phonegap-plugin-push/GCM/Headers/GGLInstanceID.h"; sourceTree = "<group>"; };
		10EC994BC2DA4660ADA1F618 /* libz.dylib */ = {isa = PBXFileReference; fileEncoding = 4; lastKnownFileType = "compiled.mach-o.dylib"; name = libz.dylib; path = usr/lib/libz.dylib; sourceTree = SDKROOT; };
		11D27A8E864F4558B104FFF2 /* CDVInAppBrowser.m */ = {isa = PBXFileReference; fileEncoding = 4; lastKnownFileType = sourcecode.c.objc; name = CDVInAppBrowser.m; path = "cordova-plugin-inappbrowser/CDVInAppBrowser.m"; sourceTree = "<group>"; };
		11F32B0D28184DD095A7342D /* CDVViewController+SplashScreen.h */ = {isa = PBXFileReference; fileEncoding = 4; lastKnownFileType = sourcecode.c.h; name = "CDVViewController+SplashScreen.h"; path = "cordova-plugin-splashscreen/CDVViewController+SplashScreen.h"; sourceTree = "<group>"; };
		1ACF0924EC404A88B2998223 /* PushPlugin.h */ = {isa = PBXFileReference; fileEncoding = 4; lastKnownFileType = sourcecode.c.h; name = PushPlugin.h; path = "phonegap-plugin-push/PushPlugin.h"; sourceTree = "<group>"; };
		1B16865CAB384CF096DD4973 /* libGcmLib.a */ = {isa = PBXFileReference; fileEncoding = 4; lastKnownFileType = archive.ar; name = libGcmLib.a; path = "College LoopIn/Plugins/phonegap-plugin-push/GCM/Libraries/libGcmLib.a"; sourceTree = "<group>"; };
		1D3623240D0F684500981E51 /* AppDelegate.h */ = {isa = PBXFileReference; fileEncoding = 4; lastKnownFileType = sourcecode.c.h; path = AppDelegate.h; sourceTree = "<group>"; };
		1D3623250D0F684500981E51 /* AppDelegate.m */ = {isa = PBXFileReference; fileEncoding = 4; lastKnownFileType = sourcecode.c.objc; path = AppDelegate.m; sourceTree = "<group>"; };
		1D6058910D05DD3D006BFB54 /* College LoopIn.app */ = {isa = PBXFileReference; explicitFileType = wrapper.application; includeInIndex = 0; path = "College LoopIn.app"; sourceTree = BUILT_PRODUCTS_DIR; };
		2657D14B0C9D4A81AD3A90BB /* libGoogleAnalyticsServices.a */ = {isa = PBXFileReference; fileEncoding = 4; lastKnownFileType = archive.ar; name = libGoogleAnalyticsServices.a; path = "College LoopIn/Plugins/cordova-plugin-google-analytics/libGoogleAnalyticsServices.a"; sourceTree = "<group>"; };
		2884C5E5930049BD9CE9D22C /* SocialSharing.h */ = {isa = PBXFileReference; fileEncoding = 4; lastKnownFileType = sourcecode.c.h; name = SocialSharing.h; path = "cordova-plugin-x-socialsharing/SocialSharing.h"; sourceTree = "<group>"; };
		288765FC0DF74451002DB57D /* CoreGraphics.framework */ = {isa = PBXFileReference; lastKnownFileType = wrapper.framework; name = CoreGraphics.framework; path = System/Library/Frameworks/CoreGraphics.framework; sourceTree = SDKROOT; };
		297EEB1DF4004076907D9C92 /* PushPlugin.m */ = {isa = PBXFileReference; fileEncoding = 4; lastKnownFileType = sourcecode.c.objc; name = PushPlugin.m; path = "phonegap-plugin-push/PushPlugin.m"; sourceTree = "<group>"; };
		29B97316FDCFA39411CA2CEA /* main.m */ = {isa = PBXFileReference; fileEncoding = 4; lastKnownFileType = sourcecode.c.objc; path = main.m; sourceTree = "<group>"; };
		2C8E47ACE40D472095122681 /* libGTM_NSStringHTML.a */ = {isa = PBXFileReference; fileEncoding = 4; lastKnownFileType = archive.ar; name = libGTM_NSStringHTML.a; path = "College LoopIn/Plugins/phonegap-plugin-push/GCM/Libraries/libGTM_NSStringHTML.a"; sourceTree = "<group>"; };
		2CE6FED1B633433190594B5F /* CDVCamera.m */ = {isa = PBXFileReference; fileEncoding = 4; lastKnownFileType = sourcecode.c.objc; name = CDVCamera.m; path = "cordova-plugin-camera/CDVCamera.m"; sourceTree = "<group>"; };
		2D4369B623794876810DB529 /* CDVCamera.h */ = {isa = PBXFileReference; fileEncoding = 4; lastKnownFileType = sourcecode.c.h; name = CDVCamera.h; path = "cordova-plugin-camera/CDVCamera.h"; sourceTree = "<group>"; };
		2F4E1E1BA3C244BBABEB66F2 /* GAILogger.h */ = {isa = PBXFileReference; fileEncoding = 4; lastKnownFileType = sourcecode.c.h; name = GAILogger.h; path = "cordova-plugin-google-analytics/GAILogger.h"; sourceTree = "<group>"; };
		301BF52D109A57CC0062928A /* CordovaLib.xcodeproj */ = {isa = PBXFileReference; lastKnownFileType = "wrapper.pb-project"; name = CordovaLib.xcodeproj; path = CordovaLib/CordovaLib.xcodeproj; sourceTree = "<group>"; };
		301BF56E109A69640062928A /* www */ = {isa = PBXFileReference; lastKnownFileType = folder; path = www; sourceTree = SOURCE_ROOT; };
		302D95EE14D2391D003F00A1 /* MainViewController.h */ = {isa = PBXFileReference; fileEncoding = 4; lastKnownFileType = sourcecode.c.h; path = MainViewController.h; sourceTree = "<group>"; };
		302D95EF14D2391D003F00A1 /* MainViewController.m */ = {isa = PBXFileReference; fileEncoding = 4; lastKnownFileType = sourcecode.c.objc; path = MainViewController.m; sourceTree = "<group>"; };
		302D95F014D2391D003F00A1 /* MainViewController.xib */ = {isa = PBXFileReference; fileEncoding = 4; lastKnownFileType = file.xib; path = MainViewController.xib; sourceTree = "<group>"; };
		305D5FD0115AB8F900A74A75 /* MobileCoreServices.framework */ = {isa = PBXFileReference; lastKnownFileType = wrapper.framework; name = MobileCoreServices.framework; path = System/Library/Frameworks/MobileCoreServices.framework; sourceTree = SDKROOT; };
		3088BBB7154F3926009F9C59 /* Default-Landscape@2x~ipad.png */ = {isa = PBXFileReference; lastKnownFileType = image.png; path = "Default-Landscape@2x~ipad.png"; sourceTree = "<group>"; };
		3088BBB8154F3926009F9C59 /* Default-Landscape~ipad.png */ = {isa = PBXFileReference; lastKnownFileType = image.png; path = "Default-Landscape~ipad.png"; sourceTree = "<group>"; };
		3088BBB9154F3926009F9C59 /* Default-Portrait@2x~ipad.png */ = {isa = PBXFileReference; lastKnownFileType = image.png; path = "Default-Portrait@2x~ipad.png"; sourceTree = "<group>"; };
		3088BBBA154F3926009F9C59 /* Default-Portrait~ipad.png */ = {isa = PBXFileReference; lastKnownFileType = image.png; path = "Default-Portrait~ipad.png"; sourceTree = "<group>"; };
		3088BBBB154F3926009F9C59 /* Default@2x~iphone.png */ = {isa = PBXFileReference; lastKnownFileType = image.png; path = "Default@2x~iphone.png"; sourceTree = "<group>"; };
		3088BBBC154F3926009F9C59 /* Default~iphone.png */ = {isa = PBXFileReference; lastKnownFileType = image.png; path = "Default~iphone.png"; sourceTree = "<group>"; };
		308D052E1370CCF300D202BF /* icon-72.png */ = {isa = PBXFileReference; lastKnownFileType = image.png; path = "icon-72.png"; sourceTree = "<group>"; };
		308D052F1370CCF300D202BF /* icon.png */ = {isa = PBXFileReference; lastKnownFileType = image.png; path = icon.png; sourceTree = "<group>"; };
		308D05301370CCF300D202BF /* icon@2x.png */ = {isa = PBXFileReference; lastKnownFileType = image.png; path = "icon@2x.png"; sourceTree = "<group>"; };
		30B4F2FD19D5E07200D9F7D8 /* Default-667h.png */ = {isa = PBXFileReference; lastKnownFileType = image.png; path = "Default-667h.png"; sourceTree = "<group>"; };
		30B4F2FE19D5E07200D9F7D8 /* Default-736h.png */ = {isa = PBXFileReference; lastKnownFileType = image.png; path = "Default-736h.png"; sourceTree = "<group>"; };
		30B4F2FF19D5E07200D9F7D8 /* Default-Landscape-736h.png */ = {isa = PBXFileReference; lastKnownFileType = image.png; path = "Default-Landscape-736h.png"; sourceTree = "<group>"; };
		30C1856519D5FC0A00212699 /* icon-60@3x.png */ = {isa = PBXFileReference; lastKnownFileType = image.png; path = "icon-60@3x.png"; sourceTree = "<group>"; };
		30FC414816E50CA1004E6F35 /* icon-72@2x.png */ = {isa = PBXFileReference; lastKnownFileType = image.png; path = "icon-72@2x.png"; sourceTree = "<group>"; };
		32CA4F630368D1EE00C91783 /* College LoopIn-Prefix.pch */ = {isa = PBXFileReference; fileEncoding = 4; lastKnownFileType = sourcecode.c.h; path = "College LoopIn-Prefix.pch"; sourceTree = "<group>"; };
		33BAA3F46B024CDCA4C4F6BD /* GCMReceiverDelegate.h */ = {isa = PBXFileReference; fileEncoding = 4; lastKnownFileType = sourcecode.c.h; name = GCMReceiverDelegate.h; path = "phonegap-plugin-push/GCM/Headers/GCMReceiverDelegate.h"; sourceTree = "<group>"; };
		34D566F5A5FC47E291AB586F /* libGTM_RoundedRectPath.a */ = {isa = PBXFileReference; fileEncoding = 4; lastKnownFileType = archive.ar; name = libGTM_RoundedRectPath.a; path = "College LoopIn/Plugins/phonegap-plugin-push/GCM/Libraries/libGTM_RoundedRectPath.a"; sourceTree = "<group>"; };
		367E481EAF824CD48C4715C2 /* GCMPubSub.h */ = {isa = PBXFileReference; fileEncoding = 4; lastKnownFileType = sourcecode.c.h; name = GCMPubSub.h; path = "phonegap-plugin-push/GCM/Headers/GCMPubSub.h"; sourceTree = "<group>"; };
		368C0B77621845599FFB3559 /* libsqlite3.dylib */ = {isa = PBXFileReference; fileEncoding = 4; lastKnownFileType = "compiled.mach-o.dylib"; name = libsqlite3.dylib; path = usr/lib/libsqlite3.dylib; sourceTree = SDKROOT; };
		3834D63F0C224BED953A2FC2 /* AddressBook.framework */ = {isa = PBXFileReference; fileEncoding = 4; lastKnownFileType = wrapper.framework; name = AddressBook.framework; path = System/Library/Frameworks/AddressBook.framework; sourceTree = SDKROOT; };
		3F661E094D2943D8A86DAE24 /* SocialSharing.m */ = {isa = PBXFileReference; fileEncoding = 4; lastKnownFileType = sourcecode.c.objc; name = SocialSharing.m; path = "cordova-plugin-x-socialsharing/SocialSharing.m"; sourceTree = "<group>"; };
		3F9E030FC83F4905910BD809 /* UIImage+CropScaleOrientation.m */ = {isa = PBXFileReference; fileEncoding = 4; lastKnownFileType = sourcecode.c.objc; name = "UIImage+CropScaleOrientation.m"; path = "cordova-plugin-camera/UIImage+CropScaleOrientation.m"; sourceTree = "<group>"; };
		4466AF7B13664D0C862B6411 /* libGTM_KVO.a */ = {isa = PBXFileReference; fileEncoding = 4; lastKnownFileType = archive.ar; name = libGTM_KVO.a; path = "College LoopIn/Plugins/phonegap-plugin-push/GCM/Libraries/libGTM_KVO.a"; sourceTree = "<group>"; };
		44AFE3DB109044619F0085A3 /* CoreLocation.framework */ = {isa = PBXFileReference; fileEncoding = 4; lastKnownFileType = wrapper.framework; name = CoreLocation.framework; path = System/Library/Frameworks/CoreLocation.framework; sourceTree = SDKROOT; };
		45EC4F321257486AA997DA7C /* AppDelegate+notification.m */ = {isa = PBXFileReference; fileEncoding = 4; lastKnownFileType = sourcecode.c.objc; name = "AppDelegate+notification.m"; path = "phonegap-plugin-push/AppDelegate+notification.m"; sourceTree = "<group>"; };
		465F6ABE5D4C44288820ADE0 /* GGLInstanceIDDelegate.h */ = {isa = PBXFileReference; fileEncoding = 4; lastKnownFileType = sourcecode.c.h; name = GGLInstanceIDDelegate.h; path = "phonegap-plugin-push/GCM/Headers/GGLInstanceIDDelegate.h"; sourceTree = "<group>"; };
		4FAB636623E947B6AAF4E4DC /* libGTM_iPhone.a */ = {isa = PBXFileReference; fileEncoding = 4; lastKnownFileType = archive.ar; name = libGTM_iPhone.a; path = "College LoopIn/Plugins/phonegap-plugin-push/GCM/Libraries/libGTM_iPhone.a"; sourceTree = "<group>"; };
		58E16FA192224E2591222F62 /* libGTM_core.a */ = {isa = PBXFileReference; fileEncoding = 4; lastKnownFileType = archive.ar; name = libGTM_core.a; path = "College LoopIn/Plugins/phonegap-plugin-push/GCM/Libraries/libGTM_core.a"; sourceTree = "<group>"; };
		5B1594DC16A7569C00FEF299 /* AssetsLibrary.framework */ = {isa = PBXFileReference; lastKnownFileType = wrapper.framework; name = AssetsLibrary.framework; path = System/Library/Frameworks/AssetsLibrary.framework; sourceTree = SDKROOT; };
		5CE93AC9E578420E8FDB29C9 /* libGTM_AddressBook.a */ = {isa = PBXFileReference; fileEncoding = 4; lastKnownFileType = archive.ar; name = libGTM_AddressBook.a; path = "College LoopIn/Plugins/phonegap-plugin-push/GCM/Libraries/libGTM_AddressBook.a"; sourceTree = "<group>"; };
		5D1D929AD98C4DBFBFCB0308 /* libGTM_UIFont+LineHeight.a */ = {isa = PBXFileReference; fileEncoding = 4; lastKnownFileType = archive.ar; name = "libGTM_UIFont+LineHeight.a"; path = "College LoopIn/Plugins/phonegap-plugin-push/GCM/Libraries/libGTM_UIFont+LineHeight.a"; sourceTree = "<group>"; };
		5FA83C29F7494023B949896D /* CDVViewController+SplashScreen.m */ = {isa = PBXFileReference; fileEncoding = 4; lastKnownFileType = sourcecode.c.objc; name = "CDVViewController+SplashScreen.m"; path = "cordova-plugin-splashscreen/CDVViewController+SplashScreen.m"; sourceTree = "<group>"; };
		61C9BD0FA43E46FBBEA3F9AC /* GGLContext.h */ = {isa = PBXFileReference; fileEncoding = 4; lastKnownFileType = sourcecode.c.h; name = GGLContext.h; path = "phonegap-plugin-push/GCM/Headers/GGLContext.h"; sourceTree = "<group>"; };
		63A1EB58BC08412A943481D5 /* CDVInAppBrowser.h */ = {isa = PBXFileReference; fileEncoding = 4; lastKnownFileType = sourcecode.c.h; name = CDVInAppBrowser.h; path = "cordova-plugin-inappbrowser/CDVInAppBrowser.h"; sourceTree = "<group>"; };
		6480E250CB5041A6B3265B43 /* GCMConfig.h */ = {isa = PBXFileReference; fileEncoding = 4; lastKnownFileType = sourcecode.c.h; name = GCMConfig.h; path = "phonegap-plugin-push/GCM/Headers/GCMConfig.h"; sourceTree = "<group>"; };
		6500964ADA29464EA15FD937 /* libGTM_NSStringXML.a */ = {isa = PBXFileReference; fileEncoding = 4; lastKnownFileType = archive.ar; name = libGTM_NSStringXML.a; path = "College LoopIn/Plugins/phonegap-plugin-push/GCM/Libraries/libGTM_NSStringXML.a"; sourceTree = "<group>"; };
		67535C2834B149FEB6396D0D /* libGTM_StringEncoding.a */ = {isa = PBXFileReference; fileEncoding = 4; lastKnownFileType = archive.ar; name = libGTM_StringEncoding.a; path = "College LoopIn/Plugins/phonegap-plugin-push/GCM/Libraries/libGTM_StringEncoding.a"; sourceTree = "<group>"; };
		6C2DB77F5C92447DAB9AFA3D /* GAIEcommercePromotion.h */ = {isa = PBXFileReference; fileEncoding = 4; lastKnownFileType = sourcecode.c.h; name = GAIEcommercePromotion.h; path = "cordova-plugin-google-analytics/GAIEcommercePromotion.h"; sourceTree = "<group>"; };
		6DCCB0C3140B4CA6BB111210 /* ImageIO.framework */ = {isa = PBXFileReference; fileEncoding = 4; lastKnownFileType = wrapper.framework; name = ImageIO.framework; path = System/Library/Frameworks/ImageIO.framework; sourceTree = SDKROOT; };
		6E381CC151C142A0BD75659C /* libz.tbd */ = {isa = PBXFileReference; fileEncoding = 4; lastKnownFileType = unknown; path = libz.tbd; sourceTree = "<group>"; };
		7641EF25D1AB4D2882766B6B /* libGIP_Reachability.a */ = {isa = PBXFileReference; fileEncoding = 4; lastKnownFileType = archive.ar; name = libGIP_Reachability.a; path = "College LoopIn/Plugins/phonegap-plugin-push/GCM/Libraries/libGIP_Reachability.a"; sourceTree = "<group>"; };
		771A33D02BEE4BC3A17558CF /* GGLConfiguration.h */ = {isa = PBXFileReference; fileEncoding = 4; lastKnownFileType = sourcecode.c.h; name = GGLConfiguration.h; path = "phonegap-plugin-push/GCM/Headers/GGLConfiguration.h"; sourceTree = "<group>"; };
		779589E38CE8483CB7DAD4F3 /* libProtocolBuffers.a */ = {isa = PBXFileReference; fileEncoding = 4; lastKnownFileType = archive.ar; name = libProtocolBuffers.a; path = "College LoopIn/Plugins/phonegap-plugin-push/GCM/Libraries/libProtocolBuffers.a"; sourceTree = "<group>"; };
		7C79EE81A23C42E2BC091206 /* GAIEcommerceFields.h */ = {isa = PBXFileReference; fileEncoding = 4; lastKnownFileType = sourcecode.c.h; name = GAIEcommerceFields.h; path = "cordova-plugin-google-analytics/GAIEcommerceFields.h"; sourceTree = "<group>"; };
		7E7966D41810823500FA85AD /* icon-40.png */ = {isa = PBXFileReference; lastKnownFileType = image.png; path = "icon-40.png"; sourceTree = "<group>"; };
		7E7966D51810823500FA85AD /* icon-40@2x.png */ = {isa = PBXFileReference; lastKnownFileType = image.png; path = "icon-40@2x.png"; sourceTree = "<group>"; };
		7E7966D61810823500FA85AD /* icon-50.png */ = {isa = PBXFileReference; lastKnownFileType = image.png; path = "icon-50.png"; sourceTree = "<group>"; };
		7E7966D71810823500FA85AD /* icon-50@2x.png */ = {isa = PBXFileReference; lastKnownFileType = image.png; path = "icon-50@2x.png"; sourceTree = "<group>"; };
		7E7966D81810823500FA85AD /* icon-60.png */ = {isa = PBXFileReference; lastKnownFileType = image.png; path = "icon-60.png"; sourceTree = "<group>"; };
		7E7966D91810823500FA85AD /* icon-60@2x.png */ = {isa = PBXFileReference; lastKnownFileType = image.png; path = "icon-60@2x.png"; sourceTree = "<group>"; };
		7E7966DA1810823500FA85AD /* icon-76.png */ = {isa = PBXFileReference; lastKnownFileType = image.png; path = "icon-76.png"; sourceTree = "<group>"; };
		7E7966DB1810823500FA85AD /* icon-76@2x.png */ = {isa = PBXFileReference; lastKnownFileType = image.png; path = "icon-76@2x.png"; sourceTree = "<group>"; };
		7E7966DC1810823500FA85AD /* icon-small.png */ = {isa = PBXFileReference; lastKnownFileType = image.png; path = "icon-small.png"; sourceTree = "<group>"; };
		7E7966DD1810823500FA85AD /* icon-small@2x.png */ = {isa = PBXFileReference; lastKnownFileType = image.png; path = "icon-small@2x.png"; sourceTree = "<group>"; };
		8175952EBC684252B62C3193 /* GAITracker.h */ = {isa = PBXFileReference; fileEncoding = 4; lastKnownFileType = sourcecode.c.h; name = GAITracker.h; path = "cordova-plugin-google-analytics/GAITracker.h"; sourceTree = "<group>"; };
		82E7084AFEB44D1BAB9500BE /* libGTM_Regex.a */ = {isa = PBXFileReference; fileEncoding = 4; lastKnownFileType = archive.ar; name = libGTM_Regex.a; path = "College LoopIn/Plugins/phonegap-plugin-push/GCM/Libraries/libGTM_Regex.a"; sourceTree = "<group>"; };
		8806693A8D844928AB9CED51 /* libGTMSessionFetcher_full.a */ = {isa = PBXFileReference; fileEncoding = 4; lastKnownFileType = archive.ar; name = libGTMSessionFetcher_full.a; path = "College LoopIn/Plugins/phonegap-plugin-push/GCM/Libraries/libGTMSessionFetcher_full.a"; sourceTree = "<group>"; };
		8974C1D28C874D189D4AE956 /* GAIDictionaryBuilder.h */ = {isa = PBXFileReference; fileEncoding = 4; lastKnownFileType = sourcecode.c.h; name = GAIDictionaryBuilder.h; path = "cordova-plugin-google-analytics/GAIDictionaryBuilder.h"; sourceTree = "<group>"; };
		8B7830F569014B56826D7B15 /* SystemConfiguration.framework */ = {isa = PBXFileReference; fileEncoding = 4; lastKnownFileType = wrapper.framework; name = SystemConfiguration.framework; path = System/Library/Frameworks/SystemConfiguration.framework; sourceTree = SDKROOT; };
		8B8503426CB44A8C8D347B23 /* AVFoundation.framework */ = {isa = PBXFileReference; fileEncoding = 4; lastKnownFileType = wrapper.framework; name = AVFoundation.framework; path = System/Library/Frameworks/AVFoundation.framework; sourceTree = SDKROOT; };
		8D1107310486CEB800E47090 /* College LoopIn-Info.plist */ = {isa = PBXFileReference; fileEncoding = 4; lastKnownFileType = text.plist.xml; name = "College LoopIn-Info.plist"; path = "../College LoopIn-Info.plist"; plistStructureDefinitionIdentifier = "com.apple.xcode.plist.structure-definition.iphone.info-plist"; sourceTree = "<group>"; };
		90221EFA336A47309B0F3D21 /* GAIFields.h */ = {isa = PBXFileReference; fileEncoding = 4; lastKnownFileType = sourcecode.c.h; name = GAIFields.h; path = "cordova-plugin-google-analytics/GAIFields.h"; sourceTree = "<group>"; };
		9078BCB883AF486C8A6A4897 /* libGTM_NSData+zlib.a */ = {isa = PBXFileReference; fileEncoding = 4; lastKnownFileType = archive.ar; name = "libGTM_NSData+zlib.a"; path = "College LoopIn/Plugins/phonegap-plugin-push/GCM/Libraries/libGTM_NSData+zlib.a"; sourceTree = "<group>"; };
		92804E5992B8477E9F19CAB7 /* libGGLCore.a */ = {isa = PBXFileReference; fileEncoding = 4; lastKnownFileType = archive.ar; name = libGGLCore.a; path = "College LoopIn/Plugins/phonegap-plugin-push/GCM/Libraries/libGGLCore.a"; sourceTree = "<group>"; };
		974EBA3ED34F4E9AB6339806 /* MessageUI.framework */ = {isa = PBXFileReference; fileEncoding = 4; lastKnownFileType = wrapper.framework; name = MessageUI.framework; path = System/Library/Frameworks/MessageUI.framework; sourceTree = SDKROOT; };
		9A8AE23491EF446F8D561DF6 /* GAI.h */ = {isa = PBXFileReference; fileEncoding = 4; lastKnownFileType = sourcecode.c.h; name = GAI.h; path = "cordova-plugin-google-analytics/GAI.h"; sourceTree = "<group>"; };
		9D59A586A5834F67922533C5 /* AppDelegate+notification.h */ = {isa = PBXFileReference; fileEncoding = 4; lastKnownFileType = sourcecode.c.h; name = "AppDelegate+notification.h"; path = "phonegap-plugin-push/AppDelegate+notification.h"; sourceTree = "<group>"; };
		A8151F9814184F7899B7A029 /* libGTM_GTMURLBuilder.a */ = {isa = PBXFileReference; fileEncoding = 4; lastKnownFileType = archive.ar; name = libGTM_GTMURLBuilder.a; path = "College LoopIn/Plugins/phonegap-plugin-push/GCM/Libraries/libGTM_GTMURLBuilder.a"; sourceTree = "<group>"; };
		A95AB9B60831409CB9B34CF5 /* libGTMSessionFetcher_core.a */ = {isa = PBXFileReference; fileEncoding = 4; lastKnownFileType = archive.ar; name = libGTMSessionFetcher_core.a; path = "College LoopIn/Plugins/phonegap-plugin-push/GCM/Libraries/libGTMSessionFetcher_core.a"; sourceTree = "<group>"; };
		B0A163E57F6149269AD74E55 /* UniversalAnalyticsPlugin.h */ = {isa = PBXFileReference; fileEncoding = 4; lastKnownFileType = sourcecode.c.h; name = UniversalAnalyticsPlugin.h; path = "cordova-plugin-google-analytics/UniversalAnalyticsPlugin.h"; sourceTree = "<group>"; };
		B79C16E9EA34490B8B093425 /* GGLInstanceIDConfig.h */ = {isa = PBXFileReference; fileEncoding = 4; lastKnownFileType = sourcecode.c.h; name = GGLInstanceIDConfig.h; path = "phonegap-plugin-push/GCM/Headers/GGLInstanceIDConfig.h"; sourceTree = "<group>"; };
		B9394A02C0234A7ABD9DBD93 /* GAIEcommerceProductAction.h */ = {isa = PBXFileReference; fileEncoding = 4; lastKnownFileType = sourcecode.c.h; name = GAIEcommerceProductAction.h; path = "cordova-plugin-google-analytics/GAIEcommerceProductAction.h"; sourceTree = "<group>"; };
		BBE3C7E5E034484C9A7F4FE6 /* GGLContext+CloudMessaging.h */ = {isa = PBXFileReference; fileEncoding = 4; lastKnownFileType = sourcecode.c.h; name = "GGLContext+CloudMessaging.h"; path = "phonegap-plugin-push/GCM/Headers/GGLContext+CloudMessaging.h"; sourceTree = "<group>"; };
		C049FABD3F11401A92870527 /* CoreData.framework */ = {isa = PBXFileReference; fileEncoding = 4; lastKnownFileType = wrapper.framework; name = CoreData.framework; path = System/Library/Frameworks/CoreData.framework; sourceTree = SDKROOT; };
		C72879272FFA4E478C34FCC0 /* Social.framework */ = {isa = PBXFileReference; fileEncoding = 4; lastKnownFileType = wrapper.framework; name = Social.framework; path = System/Library/Frameworks/Social.framework; sourceTree = SDKROOT; };
		CBBA907E2E2E4531B24149D5 /* libGTM_NSScannerJSON.a */ = {isa = PBXFileReference; fileEncoding = 4; lastKnownFileType = archive.ar; name = libGTM_NSScannerJSON.a; path = "College LoopIn/Plugins/phonegap-plugin-push/GCM/Libraries/libGTM_NSScannerJSON.a"; sourceTree = "<group>"; };
		CC4C24DD3DA24D7797805065 /* GGLErrorCode.h */ = {isa = PBXFileReference; fileEncoding = 4; lastKnownFileType = sourcecode.c.h; name = GGLErrorCode.h; path = "phonegap-plugin-push/GCM/Headers/GGLErrorCode.h"; sourceTree = "<group>"; };
		CF5085A7DB17462788270945 /* CDVJpegHeaderWriter.h */ = {isa = PBXFileReference; fileEncoding = 4; lastKnownFileType = sourcecode.c.h; name = CDVJpegHeaderWriter.h; path = "cordova-plugin-camera/CDVJpegHeaderWriter.h"; sourceTree = "<group>"; };
		CFD5ECF9FEA04DF2801AE7C9 /* CDVJpegHeaderWriter.m */ = {isa = PBXFileReference; fileEncoding = 4; lastKnownFileType = sourcecode.c.objc; name = CDVJpegHeaderWriter.m; path = "cordova-plugin-camera/CDVJpegHeaderWriter.m"; sourceTree = "<group>"; };
		D0486A865F434430A3D06D31 /* GAITrackedViewController.h */ = {isa = PBXFileReference; fileEncoding = 4; lastKnownFileType = sourcecode.c.h; name = GAITrackedViewController.h; path = "cordova-plugin-google-analytics/GAITrackedViewController.h"; sourceTree = "<group>"; };
		D45CD19DDCF24C949120CC59 /* GAIEcommerceProduct.h */ = {isa = PBXFileReference; fileEncoding = 4; lastKnownFileType = sourcecode.c.h; name = GAIEcommerceProduct.h; path = "cordova-plugin-google-analytics/GAIEcommerceProduct.h"; sourceTree = "<group>"; };
		D4A0D8751607E02300AEF8BB /* Default-568h@2x~iphone.png */ = {isa = PBXFileReference; lastKnownFileType = image.png; path = "Default-568h@2x~iphone.png"; sourceTree = "<group>"; };
		D69E63A7CF0E42A8A1095C62 /* libGSDK_Overload.a */ = {isa = PBXFileReference; fileEncoding = 4; lastKnownFileType = archive.ar; name = libGSDK_Overload.a; path = "College LoopIn/Plugins/phonegap-plugin-push/GCM/Libraries/libGSDK_Overload.a"; sourceTree = "<group>"; };
		D72053B3359B4D4BAF5EC37B /* UIImage+CropScaleOrientation.h */ = {isa = PBXFileReference; fileEncoding = 4; lastKnownFileType = sourcecode.c.h; name = "UIImage+CropScaleOrientation.h"; path = "cordova-plugin-camera/UIImage+CropScaleOrientation.h"; sourceTree = "<group>"; };
		D83C1011A2C84CE68AB1195B /* libGGLCloudMessaging.a */ = {isa = PBXFileReference; fileEncoding = 4; lastKnownFileType = archive.ar; name = libGGLCloudMessaging.a; path = "College LoopIn/Plugins/phonegap-plugin-push/GCM/Libraries/libGGLCloudMessaging.a"; sourceTree = "<group>"; };
		DA8635ABC1E347399D99E61B /* GCMService.h */ = {isa = PBXFileReference; fileEncoding = 4; lastKnownFileType = sourcecode.c.h; name = GCMService.h; path = "phonegap-plugin-push/GCM/Headers/GCMService.h"; sourceTree = "<group>"; };
		DCF90ACC20C0480A974A19DD /* libsqlite3.tbd */ = {isa = PBXFileReference; fileEncoding = 4; lastKnownFileType = unknown; path = libsqlite3.tbd; sourceTree = "<group>"; };
		DD1951D10DAA41899ED8B691 /* CDVSplashScreen.h */ = {isa = PBXFileReference; fileEncoding = 4; lastKnownFileType = sourcecode.c.h; name = CDVSplashScreen.h; path = "cordova-plugin-splashscreen/CDVSplashScreen.h"; sourceTree = "<group>"; };
		E5EEAFD91A0846B7B800920B /* libGGLInstanceIDLib.a */ = {isa = PBXFileReference; fileEncoding = 4; lastKnownFileType = archive.ar; name = libGGLInstanceIDLib.a; path = "College LoopIn/Plugins/phonegap-plugin-push/GCM/Libraries/libGGLInstanceIDLib.a"; sourceTree = "<group>"; };
		EAD7E043E41346BB9B63C2C6 /* libGTM_SystemVersion.a */ = {isa = PBXFileReference; fileEncoding = 4; lastKnownFileType = archive.ar; name = libGTM_SystemVersion.a; path = "College LoopIn/Plugins/phonegap-plugin-push/GCM/Libraries/libGTM_SystemVersion.a"; sourceTree = "<group>"; };
		EB87FDF21871DA7A0020F90C /* merges */ = {isa = PBXFileReference; lastKnownFileType = folder; name = merges; path = ../../merges; sourceTree = "<group>"; };
		EB87FDF31871DA8E0020F90C /* www */ = {isa = PBXFileReference; lastKnownFileType = folder; name = www; path = ../../www; sourceTree = "<group>"; };
		EB87FDF41871DAF40020F90C /* config.xml */ = {isa = PBXFileReference; lastKnownFileType = text.xml; name = config.xml; path = ../../config.xml; sourceTree = "<group>"; };
		ECEC7E269C344E86AB85CB7C /* GGLInstanceIDHeaders.h */ = {isa = PBXFileReference; fileEncoding = 4; lastKnownFileType = sourcecode.c.h; name = GGLInstanceIDHeaders.h; path = "phonegap-plugin-push/GCM/Headers/GGLInstanceIDHeaders.h"; sourceTree = "<group>"; };
		ED46F4747A1F4A1AAF509740 /* CDVSplashScreen.m */ = {isa = PBXFileReference; fileEncoding = 4; lastKnownFileType = sourcecode.c.objc; name = CDVSplashScreen.m; path = "cordova-plugin-splashscreen/CDVSplashScreen.m"; sourceTree = "<group>"; };
		F6FF54C618DF453DB100415A /* libGTM_NSDictionary+URLArguments.a */ = {isa = PBXFileReference; fileEncoding = 4; lastKnownFileType = archive.ar; name = "libGTM_NSDictionary+URLArguments.a"; path = "College LoopIn/Plugins/phonegap-plugin-push/GCM/Libraries/libGTM_NSDictionary+URLArguments.a"; sourceTree = "<group>"; };
		F840E1F0165FE0F500CFE078 /* config.xml */ = {isa = PBXFileReference; lastKnownFileType = text.xml; name = config.xml; path = "College LoopIn/config.xml"; sourceTree = "<group>"; };
		FAF6197D2D35450BA5CA2688 /* CloudMessaging.h */ = {isa = PBXFileReference; fileEncoding = 4; lastKnownFileType = sourcecode.c.h; name = CloudMessaging.h; path = "phonegap-plugin-push/GCM/Headers/CloudMessaging.h"; sourceTree = "<group>"; };
		FDAFA2EFBFEE4C0285D01862 /* GoogleCloudMessaging.h */ = {isa = PBXFileReference; fileEncoding = 4; lastKnownFileType = sourcecode.c.h; name = GoogleCloudMessaging.h; path = "phonegap-plugin-push/GCM/Headers/GoogleCloudMessaging.h"; sourceTree = "<group>"; };
/* End PBXFileReference section */

/* Begin PBXFrameworksBuildPhase section */
		1D60588F0D05DD3D006BFB54 /* Frameworks */ = {
			isa = PBXFrameworksBuildPhase;
			buildActionMask = 2147483647;
			files = (
				5B1594DD16A7569C00FEF299 /* AssetsLibrary.framework in Frameworks */,
				301BF552109A68D80062928A /* libCordova.a in Frameworks */,
				288765FD0DF74451002DB57D /* CoreGraphics.framework in Frameworks */,
				305D5FD1115AB8F900A74A75 /* MobileCoreServices.framework in Frameworks */,
				408357E237B64C32BCCB0C23 /* ImageIO.framework in Frameworks */,
				3B15DBE8E26A4B168C7C33FC /* CoreLocation.framework in Frameworks */,
				021466A202964E39A896E6C1 /* AVFoundation.framework in Frameworks */,
				43AAFFCEE0AA4E45AFEA2214 /* libGoogleAnalyticsServices.a in Frameworks */,
				0839EF44273D497C9F2E0623 /* SystemConfiguration.framework in Frameworks */,
				778408674A044E4BBD151B2E /* CoreData.framework in Frameworks */,
				B871A51A8D3D433CA2BE1BFB /* libz.dylib in Frameworks */,
				92579790EF284363881490CB /* libsqlite3.dylib in Frameworks */,
				D9E9F7376E12453EBB8A8CA6 /* Social.framework in Frameworks */,
				BF68609B54604BB2B2760A01 /* MessageUI.framework in Frameworks */,
				798AE04EC1E54634AF103938 /* libGGLCloudMessaging.a in Frameworks */,
				2EFFCC0E2DB643C2B52AD569 /* libGGLCore.a in Frameworks */,
				D38EE2D5723A4039B74DDB01 /* libGGLInstanceIDLib.a in Frameworks */,
				AB30EEA8CC5A48A18F8CD3D3 /* libGIP_Reachability.a in Frameworks */,
				300F971144BE4353A1C89140 /* libGSDK_Overload.a in Frameworks */,
				AC78FD713B90407A8F18EF12 /* libGTMSessionFetcher_core.a in Frameworks */,
				FC4D3664387948D9BFEE8268 /* libGTMSessionFetcher_full.a in Frameworks */,
				31A7A35ACD614DBF9F1A4BC6 /* libGTMStackTrace.a in Frameworks */,
				E835558CB1E34FB48B8213F2 /* libGTM_AddressBook.a in Frameworks */,
				2D05DE5E98F141498B763F87 /* libGTM_DebugUtils.a in Frameworks */,
				2F11455E11C64ABAA0467FB2 /* libGTM_GTMURLBuilder.a in Frameworks */,
				389D870CD676403C8AA5D468 /* libGTM_KVO.a in Frameworks */,
				680B64EC9B4A47D5948C1C25 /* libGTM_NSData+zlib.a in Frameworks */,
				3EB2D43262314957A52B060D /* libGTM_NSDictionary+URLArguments.a in Frameworks */,
				35319752CBFE442889DA15C2 /* libGTM_NSScannerJSON.a in Frameworks */,
				B6B368B230DC4AED8AEA946F /* libGTM_NSStringHTML.a in Frameworks */,
				B3CDC7FD00D743568A31A4C7 /* libGTM_NSStringXML.a in Frameworks */,
				6474276511D843E88681C82C /* libGTM_Regex.a in Frameworks */,
				31B2A41E61E74B6AAD4B8DE5 /* libGTM_RoundedRectPath.a in Frameworks */,
				004DA78D2D064ED387C98B0D /* libGTM_StringEncoding.a in Frameworks */,
				A4459A96C6314F5AAA34DA1B /* libGTM_SystemVersion.a in Frameworks */,
				E500A235AF434E9F8170586D /* libGTM_UIFont+LineHeight.a in Frameworks */,
				BE7037976619428993026AD1 /* libGTM_core.a in Frameworks */,
				F5D1EC23D02C4FC29BA12362 /* libGTM_iPhone.a in Frameworks */,
				AA7AD01C3FA84300848D3682 /* libGcmLib.a in Frameworks */,
				305CC7946F1F48B59BD6DCAB /* libProtocolBuffers.a in Frameworks */,
				BA4FC65FD9594A9C82B23FCF /* AddressBook.framework in Frameworks */,
				19F4336AD64546E997B64303 /* libsqlite3.tbd in Frameworks */,
				8A5AF03936274E88BFDD2255 /* libz.tbd in Frameworks */,
			);
			runOnlyForDeploymentPostprocessing = 0;
		};
/* End PBXFrameworksBuildPhase section */

/* Begin PBXGroup section */
		080E96DDFE201D6D7F000001 /* Classes */ = {
			isa = PBXGroup;
			children = (
				302D95EE14D2391D003F00A1 /* MainViewController.h */,
				302D95EF14D2391D003F00A1 /* MainViewController.m */,
				302D95F014D2391D003F00A1 /* MainViewController.xib */,
				1D3623240D0F684500981E51 /* AppDelegate.h */,
				1D3623250D0F684500981E51 /* AppDelegate.m */,
			);
			name = Classes;
			path = "College LoopIn/Classes";
			sourceTree = SOURCE_ROOT;
		};
		19C28FACFE9D520D11CA2CBB /* Products */ = {
			isa = PBXGroup;
			children = (
				1D6058910D05DD3D006BFB54 /* College LoopIn.app */,
			);
			name = Products;
			sourceTree = "<group>";
		};
		29B97314FDCFA39411CA2CEA /* CustomTemplate */ = {
			isa = PBXGroup;
			children = (
				EB87FDF41871DAF40020F90C /* config.xml */,
				EB87FDF31871DA8E0020F90C /* www */,
				EB87FDF21871DA7A0020F90C /* merges */,
				EB87FDF11871DA420020F90C /* Staging */,
				301BF52D109A57CC0062928A /* CordovaLib.xcodeproj */,
				080E96DDFE201D6D7F000001 /* Classes */,
				307C750510C5A3420062BCA9 /* Plugins */,
				29B97315FDCFA39411CA2CEA /* Other Sources */,
				29B97317FDCFA39411CA2CEA /* Resources */,
				29B97323FDCFA39411CA2CEA /* Frameworks */,
				19C28FACFE9D520D11CA2CBB /* Products */,
			);
			name = CustomTemplate;
			sourceTree = "<group>";
		};
		29B97315FDCFA39411CA2CEA /* Other Sources */ = {
			isa = PBXGroup;
			children = (
				32CA4F630368D1EE00C91783 /* College LoopIn-Prefix.pch */,
				29B97316FDCFA39411CA2CEA /* main.m */,
			);
			name = "Other Sources";
			path = "College LoopIn";
			sourceTree = "<group>";
		};
		29B97317FDCFA39411CA2CEA /* Resources */ = {
			isa = PBXGroup;
			children = (
				308D052D1370CCF300D202BF /* icons */,
				308D05311370CCF300D202BF /* splash */,
				8D1107310486CEB800E47090 /* College LoopIn-Info.plist */,
			);
			name = Resources;
			path = "College LoopIn/Resources";
			sourceTree = "<group>";
		};
		29B97323FDCFA39411CA2CEA /* Frameworks */ = {
			isa = PBXGroup;
			children = (
				5B1594DC16A7569C00FEF299 /* AssetsLibrary.framework */,
				288765FC0DF74451002DB57D /* CoreGraphics.framework */,
				305D5FD0115AB8F900A74A75 /* MobileCoreServices.framework */,
				6DCCB0C3140B4CA6BB111210 /* ImageIO.framework */,
				44AFE3DB109044619F0085A3 /* CoreLocation.framework */,
				8B8503426CB44A8C8D347B23 /* AVFoundation.framework */,
				2657D14B0C9D4A81AD3A90BB /* libGoogleAnalyticsServices.a */,
				8B7830F569014B56826D7B15 /* SystemConfiguration.framework */,
				C049FABD3F11401A92870527 /* CoreData.framework */,
				10EC994BC2DA4660ADA1F618 /* libz.dylib */,
				368C0B77621845599FFB3559 /* libsqlite3.dylib */,
				C72879272FFA4E478C34FCC0 /* Social.framework */,
				974EBA3ED34F4E9AB6339806 /* MessageUI.framework */,
				D83C1011A2C84CE68AB1195B /* libGGLCloudMessaging.a */,
				92804E5992B8477E9F19CAB7 /* libGGLCore.a */,
				E5EEAFD91A0846B7B800920B /* libGGLInstanceIDLib.a */,
				7641EF25D1AB4D2882766B6B /* libGIP_Reachability.a */,
				D69E63A7CF0E42A8A1095C62 /* libGSDK_Overload.a */,
				A95AB9B60831409CB9B34CF5 /* libGTMSessionFetcher_core.a */,
				8806693A8D844928AB9CED51 /* libGTMSessionFetcher_full.a */,
				09BFE852EF5C41E1B84A02C5 /* libGTMStackTrace.a */,
				5CE93AC9E578420E8FDB29C9 /* libGTM_AddressBook.a */,
				05576B36C7C84552B149C1C8 /* libGTM_DebugUtils.a */,
				A8151F9814184F7899B7A029 /* libGTM_GTMURLBuilder.a */,
				4466AF7B13664D0C862B6411 /* libGTM_KVO.a */,
				9078BCB883AF486C8A6A4897 /* libGTM_NSData+zlib.a */,
				F6FF54C618DF453DB100415A /* libGTM_NSDictionary+URLArguments.a */,
				CBBA907E2E2E4531B24149D5 /* libGTM_NSScannerJSON.a */,
				2C8E47ACE40D472095122681 /* libGTM_NSStringHTML.a */,
				6500964ADA29464EA15FD937 /* libGTM_NSStringXML.a */,
				82E7084AFEB44D1BAB9500BE /* libGTM_Regex.a */,
				34D566F5A5FC47E291AB586F /* libGTM_RoundedRectPath.a */,
				67535C2834B149FEB6396D0D /* libGTM_StringEncoding.a */,
				EAD7E043E41346BB9B63C2C6 /* libGTM_SystemVersion.a */,
				5D1D929AD98C4DBFBFCB0308 /* libGTM_UIFont+LineHeight.a */,
				58E16FA192224E2591222F62 /* libGTM_core.a */,
				4FAB636623E947B6AAF4E4DC /* libGTM_iPhone.a */,
				1B16865CAB384CF096DD4973 /* libGcmLib.a */,
				779589E38CE8483CB7DAD4F3 /* libProtocolBuffers.a */,
				3834D63F0C224BED953A2FC2 /* AddressBook.framework */,
				DCF90ACC20C0480A974A19DD /* libsqlite3.tbd */,
				6E381CC151C142A0BD75659C /* libz.tbd */,
			);
			name = Frameworks;
			sourceTree = "<group>";
		};
		301BF52E109A57CC0062928A /* Products */ = {
			isa = PBXGroup;
			children = (
				301BF535109A57CC0062928A /* libCordova.a */,
			);
			name = Products;
			sourceTree = "<group>";
		};
		307C750510C5A3420062BCA9 /* Plugins */ = {
			isa = PBXGroup;
			children = (
				3F9E030FC83F4905910BD809 /* UIImage+CropScaleOrientation.m */,
				2CE6FED1B633433190594B5F /* CDVCamera.m */,
				CFD5ECF9FEA04DF2801AE7C9 /* CDVJpegHeaderWriter.m */,
				D72053B3359B4D4BAF5EC37B /* UIImage+CropScaleOrientation.h */,
				2D4369B623794876810DB529 /* CDVCamera.h */,
				CF5085A7DB17462788270945 /* CDVJpegHeaderWriter.h */,
				06FD960D2B6F42B09228C030 /* CDVExif.h */,
				004C09804309400CA60302F7 /* UniversalAnalyticsPlugin.m */,
				B0A163E57F6149269AD74E55 /* UniversalAnalyticsPlugin.h */,
				8974C1D28C874D189D4AE956 /* GAIDictionaryBuilder.h */,
				90221EFA336A47309B0F3D21 /* GAIFields.h */,
				2F4E1E1BA3C244BBABEB66F2 /* GAILogger.h */,
				D0486A865F434430A3D06D31 /* GAITrackedViewController.h */,
				9A8AE23491EF446F8D561DF6 /* GAI.h */,
				8175952EBC684252B62C3193 /* GAITracker.h */,
				7C79EE81A23C42E2BC091206 /* GAIEcommerceFields.h */,
				D45CD19DDCF24C949120CC59 /* GAIEcommerceProduct.h */,
				B9394A02C0234A7ABD9DBD93 /* GAIEcommerceProductAction.h */,
				6C2DB77F5C92447DAB9AFA3D /* GAIEcommercePromotion.h */,
				ED46F4747A1F4A1AAF509740 /* CDVSplashScreen.m */,
				5FA83C29F7494023B949896D /* CDVViewController+SplashScreen.m */,
				DD1951D10DAA41899ED8B691 /* CDVSplashScreen.h */,
				11F32B0D28184DD095A7342D /* CDVViewController+SplashScreen.h */,
				3F661E094D2943D8A86DAE24 /* SocialSharing.m */,
				2884C5E5930049BD9CE9D22C /* SocialSharing.h */,
				45EC4F321257486AA997DA7C /* AppDelegate+notification.m */,
				297EEB1DF4004076907D9C92 /* PushPlugin.m */,
				9D59A586A5834F67922533C5 /* AppDelegate+notification.h */,
				1ACF0924EC404A88B2998223 /* PushPlugin.h */,
				0E04381970F84AF9A4C2EC7F /* GGLInstanceID.h */,
				B79C16E9EA34490B8B093425 /* GGLInstanceIDConfig.h */,
				465F6ABE5D4C44288820ADE0 /* GGLInstanceIDDelegate.h */,
				ECEC7E269C344E86AB85CB7C /* GGLInstanceIDHeaders.h */,
				FAF6197D2D35450BA5CA2688 /* CloudMessaging.h */,
				BBE3C7E5E034484C9A7F4FE6 /* GGLContext+CloudMessaging.h */,
				0456C813C7E64601A9436F73 /* Core.h */,
				771A33D02BEE4BC3A17558CF /* GGLConfiguration.h */,
				61C9BD0FA43E46FBBEA3F9AC /* GGLContext.h */,
				CC4C24DD3DA24D7797805065 /* GGLErrorCode.h */,
				6480E250CB5041A6B3265B43 /* GCMConfig.h */,
				367E481EAF824CD48C4715C2 /* GCMPubSub.h */,
				33BAA3F46B024CDCA4C4F6BD /* GCMReceiverDelegate.h */,
				DA8635ABC1E347399D99E61B /* GCMService.h */,
				FDAFA2EFBFEE4C0285D01862 /* GoogleCloudMessaging.h */,
				11D27A8E864F4558B104FFF2 /* CDVInAppBrowser.m */,
				63A1EB58BC08412A943481D5 /* CDVInAppBrowser.h */,
			);
			name = Plugins;
			path = "College LoopIn/Plugins";
			sourceTree = SOURCE_ROOT;
		};
		308D052D1370CCF300D202BF /* icons */ = {
			isa = PBXGroup;
			children = (
				30C1856519D5FC0A00212699 /* icon-60@3x.png */,
				7E7966D41810823500FA85AD /* icon-40.png */,
				7E7966D51810823500FA85AD /* icon-40@2x.png */,
				7E7966D61810823500FA85AD /* icon-50.png */,
				7E7966D71810823500FA85AD /* icon-50@2x.png */,
				7E7966D81810823500FA85AD /* icon-60.png */,
				7E7966D91810823500FA85AD /* icon-60@2x.png */,
				7E7966DA1810823500FA85AD /* icon-76.png */,
				7E7966DB1810823500FA85AD /* icon-76@2x.png */,
				7E7966DC1810823500FA85AD /* icon-small.png */,
				7E7966DD1810823500FA85AD /* icon-small@2x.png */,
				30FC414816E50CA1004E6F35 /* icon-72@2x.png */,
				308D052E1370CCF300D202BF /* icon-72.png */,
				308D052F1370CCF300D202BF /* icon.png */,
				308D05301370CCF300D202BF /* icon@2x.png */,
			);
			path = icons;
			sourceTree = "<group>";
		};
		308D05311370CCF300D202BF /* splash */ = {
			isa = PBXGroup;
			children = (
				30B4F2FD19D5E07200D9F7D8 /* Default-667h.png */,
				30B4F2FE19D5E07200D9F7D8 /* Default-736h.png */,
				30B4F2FF19D5E07200D9F7D8 /* Default-Landscape-736h.png */,
				D4A0D8751607E02300AEF8BB /* Default-568h@2x~iphone.png */,
				3088BBB7154F3926009F9C59 /* Default-Landscape@2x~ipad.png */,
				3088BBB8154F3926009F9C59 /* Default-Landscape~ipad.png */,
				3088BBB9154F3926009F9C59 /* Default-Portrait@2x~ipad.png */,
				3088BBBA154F3926009F9C59 /* Default-Portrait~ipad.png */,
				3088BBBB154F3926009F9C59 /* Default@2x~iphone.png */,
				3088BBBC154F3926009F9C59 /* Default~iphone.png */,
			);
			path = splash;
			sourceTree = "<group>";
		};
		EB87FDF11871DA420020F90C /* Staging */ = {
			isa = PBXGroup;
			children = (
				F840E1F0165FE0F500CFE078 /* config.xml */,
				301BF56E109A69640062928A /* www */,
			);
			name = Staging;
			sourceTree = "<group>";
		};
/* End PBXGroup section */

/* Begin PBXNativeTarget section */
		1D6058900D05DD3D006BFB54 /* College LoopIn */ = {
			isa = PBXNativeTarget;
			buildConfigurationList = 1D6058960D05DD3E006BFB54 /* Build configuration list for PBXNativeTarget "College LoopIn" */;
			buildPhases = (
				304B58A110DAC018002A0835 /* Copy www directory */,
				1D60588D0D05DD3D006BFB54 /* Resources */,
				1D60588E0D05DD3D006BFB54 /* Sources */,
				1D60588F0D05DD3D006BFB54 /* Frameworks */,
			);
			buildRules = (
			);
			dependencies = (
				301BF551109A68C00062928A /* PBXTargetDependency */,
			);
			name = "College LoopIn";
			productName = "College LoopIn";
			productReference = 1D6058910D05DD3D006BFB54 /* College LoopIn.app */;
			productType = "com.apple.product-type.application";
		};
/* End PBXNativeTarget section */

/* Begin PBXProject section */
		29B97313FDCFA39411CA2CEA /* Project object */ = {
			isa = PBXProject;
			attributes = {
				LastUpgradeCheck = 510;
			};
			buildConfigurationList = C01FCF4E08A954540054247B /* Build configuration list for PBXProject "College LoopIn" */;
			compatibilityVersion = "Xcode 3.2";
			developmentRegion = English;
			hasScannedForEncodings = 1;
			knownRegions = (
				English,
				Japanese,
				French,
				German,
				en,
				es,
				de,
				se,
			);
			mainGroup = 29B97314FDCFA39411CA2CEA /* CustomTemplate */;
			projectDirPath = "";
			projectReferences = (
				{
					ProductGroup = 301BF52E109A57CC0062928A /* Products */;
					ProjectRef = 301BF52D109A57CC0062928A /* CordovaLib.xcodeproj */;
				},
			);
			projectRoot = "";
			targets = (
				1D6058900D05DD3D006BFB54 /* College LoopIn */,
			);
		};
/* End PBXProject section */

/* Begin PBXReferenceProxy section */
		301BF535109A57CC0062928A /* libCordova.a */ = {
			isa = PBXReferenceProxy;
			fileType = archive.ar;
			path = libCordova.a;
			remoteRef = 301BF534109A57CC0062928A /* PBXContainerItemProxy */;
			sourceTree = BUILT_PRODUCTS_DIR;
		};
/* End PBXReferenceProxy section */

/* Begin PBXResourcesBuildPhase section */
		1D60588D0D05DD3D006BFB54 /* Resources */ = {
			isa = PBXResourcesBuildPhase;
			buildActionMask = 2147483647;
			files = (
				7E7966E41810823500FA85AD /* icon-76.png in Resources */,
				7E7966DF1810823500FA85AD /* icon-40@2x.png in Resources */,
				308D05371370CCF300D202BF /* icon-72.png in Resources */,
				30B4F30119D5E07200D9F7D8 /* Default-736h.png in Resources */,
				308D05381370CCF300D202BF /* icon.png in Resources */,
				308D05391370CCF300D202BF /* icon@2x.png in Resources */,
				302D95F214D2391D003F00A1 /* MainViewController.xib in Resources */,
				7E7966E01810823500FA85AD /* icon-50.png in Resources */,
				7E7966E31810823500FA85AD /* icon-60@2x.png in Resources */,
				7E7966E61810823500FA85AD /* icon-small.png in Resources */,
				3088BBBD154F3926009F9C59 /* Default-Landscape@2x~ipad.png in Resources */,
				3088BBBE154F3926009F9C59 /* Default-Landscape~ipad.png in Resources */,
				3088BBBF154F3926009F9C59 /* Default-Portrait@2x~ipad.png in Resources */,
				7E7966E71810823500FA85AD /* icon-small@2x.png in Resources */,
				3088BBC0154F3926009F9C59 /* Default-Portrait~ipad.png in Resources */,
				30B4F30019D5E07200D9F7D8 /* Default-667h.png in Resources */,
				7E7966DE1810823500FA85AD /* icon-40.png in Resources */,
				3088BBC1154F3926009F9C59 /* Default@2x~iphone.png in Resources */,
				7E7966E21810823500FA85AD /* icon-60.png in Resources */,
				3088BBC2154F3926009F9C59 /* Default~iphone.png in Resources */,
				D4A0D8761607E02300AEF8BB /* Default-568h@2x~iphone.png in Resources */,
				30B4F30219D5E07200D9F7D8 /* Default-Landscape-736h.png in Resources */,
				30C1856619D5FC0A00212699 /* icon-60@3x.png in Resources */,
				7E7966E11810823500FA85AD /* icon-50@2x.png in Resources */,
				7E7966E51810823500FA85AD /* icon-76@2x.png in Resources */,
				30FC414916E50CA1004E6F35 /* icon-72@2x.png in Resources */,
			);
			runOnlyForDeploymentPostprocessing = 0;
		};
/* End PBXResourcesBuildPhase section */

/* Begin PBXShellScriptBuildPhase section */
		304B58A110DAC018002A0835 /* Copy www directory */ = {
			isa = PBXShellScriptBuildPhase;
			buildActionMask = 2147483647;
			files = (
			);
			inputPaths = (
			);
			name = "Copy www directory";
			outputPaths = (
			);
			runOnlyForDeploymentPostprocessing = 0;
			shellPath = /bin/sh;
			shellScript = "NODEJS_PATH=/usr/local/bin; NVM_NODE_PATH=~/.nvm/versions/node/`nvm version 2>/dev/null`/bin; N_NODE_PATH=`find /usr/local/n/versions/node/* -maxdepth 0 -type d 2>/dev/null | tail -1`/bin; XCODE_NODE_PATH=`xcode-select --print-path`/usr/share/xcs/Node/bin; PATH=$NODEJS_PATH:$NVM_NODE_PATH:$N_NODE_PATH:$XCODE_NODE_PATH:$PATH && node cordova/lib/copy-www-build-step.js";
			showEnvVarsInLog = 0;
		};
/* End PBXShellScriptBuildPhase section */

/* Begin PBXSourcesBuildPhase section */
		1D60588E0D05DD3D006BFB54 /* Sources */ = {
			isa = PBXSourcesBuildPhase;
			buildActionMask = 2147483647;
			files = (
				1D60589B0D05DD56006BFB54 /* main.m in Sources */,
				1D3623260D0F684500981E51 /* AppDelegate.m in Sources */,
				302D95F114D2391D003F00A1 /* MainViewController.m in Sources */,
				F37E5A957BF74BDDA1EDDF98 /* UIImage+CropScaleOrientation.m in Sources */,
				9910E4ABBC11436FB2668075 /* CDVCamera.m in Sources */,
				E95BD23993C24925985723F4 /* CDVJpegHeaderWriter.m in Sources */,
				93E5AAA18325466CAFD7BEB2 /* UniversalAnalyticsPlugin.m in Sources */,
				48FE7EB1C03A45479C3707D5 /* CDVSplashScreen.m in Sources */,
				3DA8F371B1E148AFAF932A3D /* CDVViewController+SplashScreen.m in Sources */,
				BBC9201E6ECB4E84A138A76C /* SocialSharing.m in Sources */,
				3F6748788E764E93996DFF3A /* AppDelegate+notification.m in Sources */,
				F82F78A7094849C8A85D1394 /* PushPlugin.m in Sources */,
				418E5676FA72448AB9722C66 /* CDVInAppBrowser.m in Sources */,
			);
			runOnlyForDeploymentPostprocessing = 0;
		};
/* End PBXSourcesBuildPhase section */

/* Begin PBXTargetDependency section */
		301BF551109A68C00062928A /* PBXTargetDependency */ = {
			isa = PBXTargetDependency;
			name = CordovaLib;
			targetProxy = 301BF550109A68C00062928A /* PBXContainerItemProxy */;
		};
/* End PBXTargetDependency section */

/* Begin XCBuildConfiguration section */
		1D6058940D05DD3E006BFB54 /* Debug */ = {
			isa = XCBuildConfiguration;
			buildSettings = {
				ALWAYS_SEARCH_USER_PATHS = NO;
				CLANG_ENABLE_OBJC_ARC = YES;
				COPY_PHASE_STRIP = NO;
				ENABLE_BITCODE = NO;
				GCC_DYNAMIC_NO_PIC = NO;
				GCC_OPTIMIZATION_LEVEL = 0;
				GCC_PRECOMPILE_PREFIX_HEADER = YES;
				GCC_PREFIX_HEADER = "College LoopIn/College LoopIn-Prefix.pch";
				GCC_THUMB_SUPPORT = NO;
				GCC_VERSION = "";
				INFOPLIST_FILE = "College LoopIn/College LoopIn-Info.plist";
				IPHONEOS_DEPLOYMENT_TARGET = 6.0;
				LIBRARY_SEARCH_PATHS = (
					"$(inherited)",
					"\"$(SRCROOT)/College LoopIn/Plugins/cordova-plugin-google-analytics\"",
					"\"$(SRCROOT)/College LoopIn/Plugins/phonegap-plugin-push/GCM/Libraries\"",
					"\"$(SRCROOT)/College LoopIn/Plugins/phonegap-plugin-push/GCM/Libraries\"",
					"\"$(SRCROOT)/College LoopIn/Plugins/phonegap-plugin-push/GCM/Libraries\"",
					"\"$(SRCROOT)/College LoopIn/Plugins/phonegap-plugin-push/GCM/Libraries\"",
					"\"$(SRCROOT)/College LoopIn/Plugins/phonegap-plugin-push/GCM/Libraries\"",
					"\"$(SRCROOT)/College LoopIn/Plugins/phonegap-plugin-push/GCM/Libraries\"",
					"\"$(SRCROOT)/College LoopIn/Plugins/phonegap-plugin-push/GCM/Libraries\"",
					"\"$(SRCROOT)/College LoopIn/Plugins/phonegap-plugin-push/GCM/Libraries\"",
					"\"$(SRCROOT)/College LoopIn/Plugins/phonegap-plugin-push/GCM/Libraries\"",
					"\"$(SRCROOT)/College LoopIn/Plugins/phonegap-plugin-push/GCM/Libraries\"",
					"\"$(SRCROOT)/College LoopIn/Plugins/phonegap-plugin-push/GCM/Libraries\"",
					"\"$(SRCROOT)/College LoopIn/Plugins/phonegap-plugin-push/GCM/Libraries\"",
					"\"$(SRCROOT)/College LoopIn/Plugins/phonegap-plugin-push/GCM/Libraries\"",
					"\"$(SRCROOT)/College LoopIn/Plugins/phonegap-plugin-push/GCM/Libraries\"",
					"\"$(SRCROOT)/College LoopIn/Plugins/phonegap-plugin-push/GCM/Libraries\"",
					"\"$(SRCROOT)/College LoopIn/Plugins/phonegap-plugin-push/GCM/Libraries\"",
					"\"$(SRCROOT)/College LoopIn/Plugins/phonegap-plugin-push/GCM/Libraries\"",
					"\"$(SRCROOT)/College LoopIn/Plugins/phonegap-plugin-push/GCM/Libraries\"",
					"\"$(SRCROOT)/College LoopIn/Plugins/phonegap-plugin-push/GCM/Libraries\"",
					"\"$(SRCROOT)/College LoopIn/Plugins/phonegap-plugin-push/GCM/Libraries\"",
					"\"$(SRCROOT)/College LoopIn/Plugins/phonegap-plugin-push/GCM/Libraries\"",
					"\"$(SRCROOT)/College LoopIn/Plugins/phonegap-plugin-push/GCM/Libraries\"",
					"\"$(SRCROOT)/College LoopIn/Plugins/phonegap-plugin-push/GCM/Libraries\"",
					"\"$(SRCROOT)/College LoopIn/Plugins/phonegap-plugin-push/GCM/Libraries\"",
					"\"$(SRCROOT)/College LoopIn/Plugins/phonegap-plugin-push/GCM/Libraries\"",
					"\"$(SRCROOT)/College LoopIn/Plugins/phonegap-plugin-push/GCM/Libraries\"",
				);
				OTHER_LDFLAGS = (
					"-weak_framework",
					CoreFoundation,
					"-weak_framework",
					UIKit,
					"-weak_framework",
					AVFoundation,
					"-weak_framework",
					CoreMedia,
					"-weak-lSystem",
					"-ObjC",
				);
				PRODUCT_BUNDLE_IDENTIFIER = com.collegeloopin.app;
				PRODUCT_NAME = "College LoopIn";
				TARGETED_DEVICE_FAMILY = "1,2";
			};
			name = Debug;
		};
		1D6058950D05DD3E006BFB54 /* Release */ = {
			isa = XCBuildConfiguration;
			buildSettings = {
				ALWAYS_SEARCH_USER_PATHS = NO;
				CLANG_ENABLE_OBJC_ARC = YES;
				COPY_PHASE_STRIP = YES;
				ENABLE_BITCODE = NO;
				GCC_PRECOMPILE_PREFIX_HEADER = YES;
				GCC_PREFIX_HEADER = "College LoopIn/College LoopIn-Prefix.pch";
				GCC_THUMB_SUPPORT = NO;
				GCC_VERSION = "";
				INFOPLIST_FILE = "College LoopIn/College LoopIn-Info.plist";
				IPHONEOS_DEPLOYMENT_TARGET = 6.0;
				LIBRARY_SEARCH_PATHS = (
					"$(inherited)",
					"\"$(SRCROOT)/College LoopIn/Plugins/cordova-plugin-google-analytics\"",
					"\"$(SRCROOT)/College LoopIn/Plugins/phonegap-plugin-push/GCM/Libraries\"",
					"\"$(SRCROOT)/College LoopIn/Plugins/phonegap-plugin-push/GCM/Libraries\"",
					"\"$(SRCROOT)/College LoopIn/Plugins/phonegap-plugin-push/GCM/Libraries\"",
					"\"$(SRCROOT)/College LoopIn/Plugins/phonegap-plugin-push/GCM/Libraries\"",
					"\"$(SRCROOT)/College LoopIn/Plugins/phonegap-plugin-push/GCM/Libraries\"",
					"\"$(SRCROOT)/College LoopIn/Plugins/phonegap-plugin-push/GCM/Libraries\"",
					"\"$(SRCROOT)/College LoopIn/Plugins/phonegap-plugin-push/GCM/Libraries\"",
					"\"$(SRCROOT)/College LoopIn/Plugins/phonegap-plugin-push/GCM/Libraries\"",
					"\"$(SRCROOT)/College LoopIn/Plugins/phonegap-plugin-push/GCM/Libraries\"",
					"\"$(SRCROOT)/College LoopIn/Plugins/phonegap-plugin-push/GCM/Libraries\"",
					"\"$(SRCROOT)/College LoopIn/Plugins/phonegap-plugin-push/GCM/Libraries\"",
					"\"$(SRCROOT)/College LoopIn/Plugins/phonegap-plugin-push/GCM/Libraries\"",
					"\"$(SRCROOT)/College LoopIn/Plugins/phonegap-plugin-push/GCM/Libraries\"",
					"\"$(SRCROOT)/College LoopIn/Plugins/phonegap-plugin-push/GCM/Libraries\"",
					"\"$(SRCROOT)/College LoopIn/Plugins/phonegap-plugin-push/GCM/Libraries\"",
					"\"$(SRCROOT)/College LoopIn/Plugins/phonegap-plugin-push/GCM/Libraries\"",
					"\"$(SRCROOT)/College LoopIn/Plugins/phonegap-plugin-push/GCM/Libraries\"",
					"\"$(SRCROOT)/College LoopIn/Plugins/phonegap-plugin-push/GCM/Libraries\"",
					"\"$(SRCROOT)/College LoopIn/Plugins/phonegap-plugin-push/GCM/Libraries\"",
					"\"$(SRCROOT)/College LoopIn/Plugins/phonegap-plugin-push/GCM/Libraries\"",
					"\"$(SRCROOT)/College LoopIn/Plugins/phonegap-plugin-push/GCM/Libraries\"",
					"\"$(SRCROOT)/College LoopIn/Plugins/phonegap-plugin-push/GCM/Libraries\"",
					"\"$(SRCROOT)/College LoopIn/Plugins/phonegap-plugin-push/GCM/Libraries\"",
					"\"$(SRCROOT)/College LoopIn/Plugins/phonegap-plugin-push/GCM/Libraries\"",
					"\"$(SRCROOT)/College LoopIn/Plugins/phonegap-plugin-push/GCM/Libraries\"",
					"\"$(SRCROOT)/College LoopIn/Plugins/phonegap-plugin-push/GCM/Libraries\"",
				);
				OTHER_LDFLAGS = (
					"-weak_framework",
					CoreFoundation,
					"-weak_framework",
					UIKit,
					"-weak_framework",
					AVFoundation,
					"-weak_framework",
					CoreMedia,
					"-weak-lSystem",
					"-ObjC",
				);
				PRODUCT_BUNDLE_IDENTIFIER = com.collegeloopin.app;
				PRODUCT_NAME = "College LoopIn";
				TARGETED_DEVICE_FAMILY = "1,2";
			};
			name = Release;
		};
		C01FCF4F08A954540054247B /* Debug */ = {
			isa = XCBuildConfiguration;
			buildSettings = {
				CLANG_ENABLE_OBJC_ARC = YES;
				CLANG_WARN_BOOL_CONVERSION = YES;
				CLANG_WARN_CONSTANT_CONVERSION = YES;
				CLANG_WARN_EMPTY_BODY = YES;
				CLANG_WARN_ENUM_CONVERSION = YES;
				CLANG_WARN_INT_CONVERSION = YES;
				CLANG_WARN__DUPLICATE_METHOD_MATCH = YES;
				"CODE_SIGN_IDENTITY[sdk=iphoneos*]" = "iPhone Developer";
				GCC_C_LANGUAGE_STANDARD = c99;
				GCC_THUMB_SUPPORT = NO;
				GCC_VERSION = "";
				GCC_WARN_ABOUT_RETURN_TYPE = YES;
				GCC_WARN_UNDECLARED_SELECTOR = YES;
				GCC_WARN_UNINITIALIZED_AUTOS = YES;
				GCC_WARN_UNUSED_FUNCTION = YES;
				GCC_WARN_UNUSED_VARIABLE = YES;
				HEADER_SEARCH_PATHS = (
					"\"$(TARGET_BUILD_DIR)/usr/local/lib/include\"",
					"\"$(OBJROOT)/UninstalledProducts/include\"",
					"\"$(BUILT_PRODUCTS_DIR)\"",
				);
				IPHONEOS_DEPLOYMENT_TARGET = 6.0;
				ONLY_ACTIVE_ARCH = YES;
				OTHER_LDFLAGS = (
					"-weak_framework",
					CoreFoundation,
					"-weak_framework",
					UIKit,
					"-weak_framework",
					AVFoundation,
					"-weak_framework",
					CoreMedia,
					"-weak-lSystem",
					"-ObjC",
				);
				SDKROOT = iphoneos;
				SKIP_INSTALL = NO;
				USER_HEADER_SEARCH_PATHS = "";
			};
			name = Debug;
		};
		C01FCF5008A954540054247B /* Release */ = {
			isa = XCBuildConfiguration;
			buildSettings = {
				CLANG_ENABLE_OBJC_ARC = YES;
				CLANG_WARN_BOOL_CONVERSION = YES;
				CLANG_WARN_CONSTANT_CONVERSION = YES;
				CLANG_WARN_EMPTY_BODY = YES;
				CLANG_WARN_ENUM_CONVERSION = YES;
				CLANG_WARN_INT_CONVERSION = YES;
				CLANG_WARN__DUPLICATE_METHOD_MATCH = YES;
				"CODE_SIGN_IDENTITY[sdk=iphoneos*]" = "iPhone Developer";
				GCC_C_LANGUAGE_STANDARD = c99;
				GCC_THUMB_SUPPORT = NO;
				GCC_VERSION = "";
				GCC_WARN_ABOUT_RETURN_TYPE = YES;
				GCC_WARN_UNDECLARED_SELECTOR = YES;
				GCC_WARN_UNINITIALIZED_AUTOS = YES;
				GCC_WARN_UNUSED_FUNCTION = YES;
				GCC_WARN_UNUSED_VARIABLE = YES;
				HEADER_SEARCH_PATHS = (
					"\"$(TARGET_BUILD_DIR)/usr/local/lib/include\"",
					"\"$(OBJROOT)/UninstalledProducts/include\"",
					"\"$(BUILT_PRODUCTS_DIR)\"",
					"\"$(OBJROOT)/UninstalledProducts/$(PLATFORM_NAME)/include\"",
				);
				IPHONEOS_DEPLOYMENT_TARGET = 6.0;
				OTHER_LDFLAGS = (
					"-weak_framework",
					CoreFoundation,
					"-weak_framework",
					UIKit,
					"-weak_framework",
					AVFoundation,
					"-weak_framework",
					CoreMedia,
					"-weak-lSystem",
					"-ObjC",
				);
				SDKROOT = iphoneos;
				SKIP_INSTALL = NO;
				USER_HEADER_SEARCH_PATHS = "";
			};
			name = Release;
		};
/* End XCBuildConfiguration section */

/* Begin XCConfigurationList section */
		1D6058960D05DD3E006BFB54 /* Build configuration list for PBXNativeTarget "College LoopIn" */ = {
			isa = XCConfigurationList;
			buildConfigurations = (
				1D6058940D05DD3E006BFB54 /* Debug */,
				1D6058950D05DD3E006BFB54 /* Release */,
			);
			defaultConfigurationIsVisible = 0;
			defaultConfigurationName = Release;
		};
		C01FCF4E08A954540054247B /* Build configuration list for PBXProject "College LoopIn" */ = {
			isa = XCConfigurationList;
			buildConfigurations = (
				C01FCF4F08A954540054247B /* Debug */,
				C01FCF5008A954540054247B /* Release */,
			);
			defaultConfigurationIsVisible = 0;
			defaultConfigurationName = Release;
		};
/* End XCConfigurationList section */
	};
	rootObject = 29B97313FDCFA39411CA2CEA /* Project object */;
}
